// !$*UTF8*$!
{
	archiveVersion = 1;
	classes = {
	};
	objectVersion = 46;
	objects = {

/* Begin PBXBuildFile section */
		835AE99F1BF57FCA008FB267 /* ClassDemoViewController.m in Sources */ = {isa = PBXBuildFile; fileRef = 835AE99D1BF57FCA008FB267 /* ClassDemoViewController.m */; settings = {ASSET_TAGS = (); }; };
		835AE9A01BF57FCA008FB267 /* ClassDemoViewController.xib in Resources */ = {isa = PBXBuildFile; fileRef = 835AE99E1BF57FCA008FB267 /* ClassDemoViewController.xib */; settings = {ASSET_TAGS = (); }; };
		835AE9A41BF59722008FB267 /* TabBarViewController.m in Sources */ = {isa = PBXBuildFile; fileRef = 835AE9A21BF59722008FB267 /* TabBarViewController.m */; settings = {ASSET_TAGS = (); }; };
		835AE9A51BF59722008FB267 /* TabBarViewController.xib in Resources */ = {isa = PBXBuildFile; fileRef = 835AE9A31BF59722008FB267 /* TabBarViewController.xib */; settings = {ASSET_TAGS = (); }; };
		835AE9A91BF59895008FB267 /* YellowViewController.m in Sources */ = {isa = PBXBuildFile; fileRef = 835AE9A71BF59895008FB267 /* YellowViewController.m */; settings = {ASSET_TAGS = (); }; };
		835AE9AA1BF59895008FB267 /* YellowViewController.xib in Resources */ = {isa = PBXBuildFile; fileRef = 835AE9A81BF59895008FB267 /* YellowViewController.xib */; settings = {ASSET_TAGS = (); }; };
		835AE9AE1BF598A6008FB267 /* RedViewController.m in Sources */ = {isa = PBXBuildFile; fileRef = 835AE9AC1BF598A6008FB267 /* RedViewController.m */; settings = {ASSET_TAGS = (); }; };
		835AE9AF1BF598A6008FB267 /* RedViewController.xib in Resources */ = {isa = PBXBuildFile; fileRef = 835AE9AD1BF598A6008FB267 /* RedViewController.xib */; settings = {ASSET_TAGS = (); }; };
		835AE9B31BF598B7008FB267 /* BlueViewController.m in Sources */ = {isa = PBXBuildFile; fileRef = 835AE9B11BF598B7008FB267 /* BlueViewController.m */; settings = {ASSET_TAGS = (); }; };
		835AE9B41BF598B7008FB267 /* BlueViewController.xib in Resources */ = {isa = PBXBuildFile; fileRef = 835AE9B21BF598B7008FB267 /* BlueViewController.xib */; settings = {ASSET_TAGS = (); }; };
		83A070821BF54DA60041423D /* main.m in Sources */ = {isa = PBXBuildFile; fileRef = 83A070811BF54DA60041423D /* main.m */; };
		83A070851BF54DA60041423D /* AppDelegate.m in Sources */ = {isa = PBXBuildFile; fileRef = 83A070841BF54DA60041423D /* AppDelegate.m */; };
		83A0708D1BF54DA60041423D /* Assets.xcassets in Resources */ = {isa = PBXBuildFile; fileRef = 83A0708C1BF54DA60041423D /* Assets.xcassets */; };
		83A070901BF54DA60041423D /* LaunchScreen.storyboard in Resources */ = {isa = PBXBuildFile; fileRef = 83A0708E1BF54DA60041423D /* LaunchScreen.storyboard */; };
		83A0709A1BF54E4C0041423D /* CanvasViewController.m in Sources */ = {isa = PBXBuildFile; fileRef = 83A070981BF54E4C0041423D /* CanvasViewController.m */; settings = {ASSET_TAGS = (); }; };
		83A0709B1BF54E4C0041423D /* CanvasViewController.xib in Resources */ = {isa = PBXBuildFile; fileRef = 83A070991BF54E4C0041423D /* CanvasViewController.xib */; settings = {ASSET_TAGS = (); }; };
/* End PBXBuildFile section */

/* Begin PBXFileReference section */
		835AE99C1BF57FCA008FB267 /* ClassDemoViewController.h */ = {isa = PBXFileReference; fileEncoding = 4; lastKnownFileType = sourcecode.c.h; path = ClassDemoViewController.h; sourceTree = "<group>"; };
		835AE99D1BF57FCA008FB267 /* ClassDemoViewController.m */ = {isa = PBXFileReference; fileEncoding = 4; lastKnownFileType = sourcecode.c.objc; path = ClassDemoViewController.m; sourceTree = "<group>"; };
		835AE99E1BF57FCA008FB267 /* ClassDemoViewController.xib */ = {isa = PBXFileReference; fileEncoding = 4; lastKnownFileType = file.xib; path = ClassDemoViewController.xib; sourceTree = "<group>"; };
		835AE9A11BF59722008FB267 /* TabBarViewController.h */ = {isa = PBXFileReference; fileEncoding = 4; lastKnownFileType = sourcecode.c.h; path = TabBarViewController.h; sourceTree = "<group>"; };
		835AE9A21BF59722008FB267 /* TabBarViewController.m */ = {isa = PBXFileReference; fileEncoding = 4; lastKnownFileType = sourcecode.c.objc; path = TabBarViewController.m; sourceTree = "<group>"; };
		835AE9A31BF59722008FB267 /* TabBarViewController.xib */ = {isa = PBXFileReference; fileEncoding = 4; lastKnownFileType = file.xib; path = TabBarViewController.xib; sourceTree = "<group>"; };
		835AE9A61BF59895008FB267 /* YellowViewController.h */ = {isa = PBXFileReference; fileEncoding = 4; lastKnownFileType = sourcecode.c.h; path = YellowViewController.h; sourceTree = "<group>"; };
		835AE9A71BF59895008FB267 /* YellowViewController.m */ = {isa = PBXFileReference; fileEncoding = 4; lastKnownFileType = sourcecode.c.objc; path = YellowViewController.m; sourceTree = "<group>"; };
		835AE9A81BF59895008FB267 /* YellowViewController.xib */ = {isa = PBXFileReference; fileEncoding = 4; lastKnownFileType = file.xib; path = YellowViewController.xib; sourceTree = "<group>"; };
		835AE9AB1BF598A6008FB267 /* RedViewController.h */ = {isa = PBXFileReference; fileEncoding = 4; lastKnownFileType = sourcecode.c.h; path = RedViewController.h; sourceTree = "<group>"; };
		835AE9AC1BF598A6008FB267 /* RedViewController.m */ = {isa = PBXFileReference; fileEncoding = 4; lastKnownFileType = sourcecode.c.objc; path = RedViewController.m; sourceTree = "<group>"; };
		835AE9AD1BF598A6008FB267 /* RedViewController.xib */ = {isa = PBXFileReference; fileEncoding = 4; lastKnownFileType = file.xib; path = RedViewController.xib; sourceTree = "<group>"; };
		835AE9B01BF598B7008FB267 /* BlueViewController.h */ = {isa = PBXFileReference; fileEncoding = 4; lastKnownFileType = sourcecode.c.h; path = BlueViewController.h; sourceTree = "<group>"; };
		835AE9B11BF598B7008FB267 /* BlueViewController.m */ = {isa = PBXFileReference; fileEncoding = 4; lastKnownFileType = sourcecode.c.objc; path = BlueViewController.m; sourceTree = "<group>"; };
		835AE9B21BF598B7008FB267 /* BlueViewController.xib */ = {isa = PBXFileReference; fileEncoding = 4; lastKnownFileType = file.xib; path = BlueViewController.xib; sourceTree = "<group>"; };
		83A0707D1BF54DA60041423D /* Canvas.app */ = {isa = PBXFileReference; explicitFileType = wrapper.application; includeInIndex = 0; path = Canvas.app; sourceTree = BUILT_PRODUCTS_DIR; };
		83A070811BF54DA60041423D /* main.m */ = {isa = PBXFileReference; lastKnownFileType = sourcecode.c.objc; path = main.m; sourceTree = "<group>"; };
		83A070831BF54DA60041423D /* AppDelegate.h */ = {isa = PBXFileReference; lastKnownFileType = sourcecode.c.h; path = AppDelegate.h; sourceTree = "<group>"; };
		83A070841BF54DA60041423D /* AppDelegate.m */ = {isa = PBXFileReference; lastKnownFileType = sourcecode.c.objc; path = AppDelegate.m; sourceTree = "<group>"; };
		83A0708C1BF54DA60041423D /* Assets.xcassets */ = {isa = PBXFileReference; lastKnownFileType = folder.assetcatalog; path = Assets.xcassets; sourceTree = "<group>"; };
		83A0708F1BF54DA60041423D /* Base */ = {isa = PBXFileReference; lastKnownFileType = file.storyboard; name = Base; path = Base.lproj/LaunchScreen.storyboard; sourceTree = "<group>"; };
		83A070911BF54DA60041423D /* Info.plist */ = {isa = PBXFileReference; lastKnownFileType = text.plist.xml; path = Info.plist; sourceTree = "<group>"; };
		83A070971BF54E4C0041423D /* CanvasViewController.h */ = {isa = PBXFileReference; fileEncoding = 4; lastKnownFileType = sourcecode.c.h; path = CanvasViewController.h; sourceTree = "<group>"; };
		83A070981BF54E4C0041423D /* CanvasViewController.m */ = {isa = PBXFileReference; fileEncoding = 4; lastKnownFileType = sourcecode.c.objc; path = CanvasViewController.m; sourceTree = "<group>"; };
		83A070991BF54E4C0041423D /* CanvasViewController.xib */ = {isa = PBXFileReference; fileEncoding = 4; lastKnownFileType = file.xib; path = CanvasViewController.xib; sourceTree = "<group>"; };
/* End PBXFileReference section */

/* Begin PBXFrameworksBuildPhase section */
		83A0707A1BF54DA60041423D /* Frameworks */ = {
			isa = PBXFrameworksBuildPhase;
			buildActionMask = 2147483647;
			files = (
			);
			runOnlyForDeploymentPostprocessing = 0;
		};
/* End PBXFrameworksBuildPhase section */

/* Begin PBXGroup section */
		83A070741BF54DA60041423D = {
			isa = PBXGroup;
			children = (
				83A0707F1BF54DA60041423D /* Canvas */,
				83A0707E1BF54DA60041423D /* Products */,
			);
			sourceTree = "<group>";
		};
		83A0707E1BF54DA60041423D /* Products */ = {
			isa = PBXGroup;
			children = (
				83A0707D1BF54DA60041423D /* Canvas.app */,
			);
			name = Products;
			sourceTree = "<group>";
		};
		83A0707F1BF54DA60041423D /* Canvas */ = {
			isa = PBXGroup;
			children = (
				83A070831BF54DA60041423D /* AppDelegate.h */,
				83A070841BF54DA60041423D /* AppDelegate.m */,
				83A0708C1BF54DA60041423D /* Assets.xcassets */,
				83A0708E1BF54DA60041423D /* LaunchScreen.storyboard */,
				83A070911BF54DA60041423D /* Info.plist */,
				83A070801BF54DA60041423D /* Supporting Files */,
				83A070971BF54E4C0041423D /* CanvasViewController.h */,
				83A070981BF54E4C0041423D /* CanvasViewController.m */,
				83A070991BF54E4C0041423D /* CanvasViewController.xib */,
				835AE99C1BF57FCA008FB267 /* ClassDemoViewController.h */,
				835AE99D1BF57FCA008FB267 /* ClassDemoViewController.m */,
				835AE99E1BF57FCA008FB267 /* ClassDemoViewController.xib */,
				835AE9A11BF59722008FB267 /* TabBarViewController.h */,
				835AE9A21BF59722008FB267 /* TabBarViewController.m */,
				835AE9A31BF59722008FB267 /* TabBarViewController.xib */,
				835AE9A61BF59895008FB267 /* YellowViewController.h */,
				835AE9A71BF59895008FB267 /* YellowViewController.m */,
				835AE9A81BF59895008FB267 /* YellowViewController.xib */,
				835AE9AB1BF598A6008FB267 /* RedViewController.h */,
				835AE9AC1BF598A6008FB267 /* RedViewController.m */,
				835AE9AD1BF598A6008FB267 /* RedViewController.xib */,
				835AE9B01BF598B7008FB267 /* BlueViewController.h */,
				835AE9B11BF598B7008FB267 /* BlueViewController.m */,
				835AE9B21BF598B7008FB267 /* BlueViewController.xib */,
			);
			path = Canvas;
			sourceTree = "<group>";
		};
		83A070801BF54DA60041423D /* Supporting Files */ = {
			isa = PBXGroup;
			children = (
				83A070811BF54DA60041423D /* main.m */,
			);
			name = "Supporting Files";
			sourceTree = "<group>";
		};
/* End PBXGroup section */

/* Begin PBXNativeTarget section */
		83A0707C1BF54DA60041423D /* Canvas */ = {
			isa = PBXNativeTarget;
			buildConfigurationList = 83A070941BF54DA60041423D /* Build configuration list for PBXNativeTarget "Canvas" */;
			buildPhases = (
				83A070791BF54DA60041423D /* Sources */,
				83A0707A1BF54DA60041423D /* Frameworks */,
				83A0707B1BF54DA60041423D /* Resources */,
			);
			buildRules = (
			);
			dependencies = (
			);
			name = Canvas;
			productName = Canvas;
			productReference = 83A0707D1BF54DA60041423D /* Canvas.app */;
			productType = "com.apple.product-type.application";
		};
/* End PBXNativeTarget section */

/* Begin PBXProject section */
		83A070751BF54DA60041423D /* Project object */ = {
			isa = PBXProject;
			attributes = {
				LastUpgradeCheck = 0700;
				ORGANIZATIONNAME = "Robin Wu";
				TargetAttributes = {
					83A0707C1BF54DA60041423D = {
						CreatedOnToolsVersion = 7.0.1;
						DevelopmentTeam = ZR8C9Q3XC7;
					};
				};
			};
			buildConfigurationList = 83A070781BF54DA60041423D /* Build configuration list for PBXProject "Canvas" */;
			compatibilityVersion = "Xcode 3.2";
			developmentRegion = English;
			hasScannedForEncodings = 0;
			knownRegions = (
				en,
				Base,
			);
			mainGroup = 83A070741BF54DA60041423D;
			productRefGroup = 83A0707E1BF54DA60041423D /* Products */;
			projectDirPath = "";
			projectRoot = "";
			targets = (
				83A0707C1BF54DA60041423D /* Canvas */,
			);
		};
/* End PBXProject section */

/* Begin PBXResourcesBuildPhase section */
		83A0707B1BF54DA60041423D /* Resources */ = {
			isa = PBXResourcesBuildPhase;
			buildActionMask = 2147483647;
			files = (
				835AE9A51BF59722008FB267 /* TabBarViewController.xib in Resources */,
				83A0709B1BF54E4C0041423D /* CanvasViewController.xib in Resources */,
				83A070901BF54DA60041423D /* LaunchScreen.storyboard in Resources */,
				835AE9AF1BF598A6008FB267 /* RedViewController.xib in Resources */,
				835AE9A01BF57FCA008FB267 /* ClassDemoViewController.xib in Resources */,
				835AE9AA1BF59895008FB267 /* YellowViewController.xib in Resources */,
				835AE9B41BF598B7008FB267 /* BlueViewController.xib in Resources */,
				83A0708D1BF54DA60041423D /* Assets.xcassets in Resources */,
			);
			runOnlyForDeploymentPostprocessing = 0;
		};
/* End PBXResourcesBuildPhase section */

/* Begin PBXSourcesBuildPhase section */
		83A070791BF54DA60041423D /* Sources */ = {
			isa = PBXSourcesBuildPhase;
			buildActionMask = 2147483647;
			files = (
				835AE9A41BF59722008FB267 /* TabBarViewController.m in Sources */,
				835AE9AE1BF598A6008FB267 /* RedViewController.m in Sources */,
				83A070851BF54DA60041423D /* AppDelegate.m in Sources */,
				835AE9A91BF59895008FB267 /* YellowViewController.m in Sources */,
				83A070821BF54DA60041423D /* main.m in Sources */,
				835AE99F1BF57FCA008FB267 /* ClassDemoViewController.m in Sources */,
				835AE9B31BF598B7008FB267 /* BlueViewController.m in Sources */,
				83A0709A1BF54E4C0041423D /* CanvasViewController.m in Sources */,
			);
			runOnlyForDeploymentPostprocessing = 0;
		};
/* End PBXSourcesBuildPhase section */

/* Begin PBXVariantGroup section */
		83A0708E1BF54DA60041423D /* LaunchScreen.storyboard */ = {
			isa = PBXVariantGroup;
			children = (
				83A0708F1BF54DA60041423D /* Base */,
			);
			name = LaunchScreen.storyboard;
			sourceTree = "<group>";
		};
/* End PBXVariantGroup section */

/* Begin XCBuildConfiguration section */
		83A070921BF54DA60041423D /* Debug */ = {
			isa = XCBuildConfiguration;
			buildSettings = {
				ALWAYS_SEARCH_USER_PATHS = NO;
				CLANG_CXX_LANGUAGE_STANDARD = "gnu++0x";
				CLANG_CXX_LIBRARY = "libc++";
				CLANG_ENABLE_MODULES = YES;
				CLANG_ENABLE_OBJC_ARC = YES;
				CLANG_WARN_BOOL_CONVERSION = YES;
				CLANG_WARN_CONSTANT_CONVERSION = YES;
				CLANG_WARN_DIRECT_OBJC_ISA_USAGE = YES_ERROR;
				CLANG_WARN_EMPTY_BODY = YES;
				CLANG_WARN_ENUM_CONVERSION = YES;
				CLANG_WARN_INT_CONVERSION = YES;
				CLANG_WARN_OBJC_ROOT_CLASS = YES_ERROR;
				CLANG_WARN_UNREACHABLE_CODE = YES;
				CLANG_WARN__DUPLICATE_METHOD_MATCH = YES;
				"CODE_SIGN_IDENTITY[sdk=iphoneos*]" = "iPhone Developer";
				COPY_PHASE_STRIP = NO;
				DEBUG_INFORMATION_FORMAT = dwarf;
				ENABLE_STRICT_OBJC_MSGSEND = YES;
				ENABLE_TESTABILITY = YES;
				GCC_C_LANGUAGE_STANDARD = gnu99;
				GCC_DYNAMIC_NO_PIC = NO;
				GCC_NO_COMMON_BLOCKS = YES;
				GCC_OPTIMIZATION_LEVEL = 0;
				GCC_PREPROCESSOR_DEFINITIONS = (
					"DEBUG=1",
					"$(inherited)",
				);
				GCC_WARN_64_TO_32_BIT_CONVERSION = YES;
				GCC_WARN_ABOUT_RETURN_TYPE = YES_ERROR;
				GCC_WARN_UNDECLARED_SELECTOR = YES;
				GCC_WARN_UNINITIALIZED_AUTOS = YES_AGGRESSIVE;
				GCC_WARN_UNUSED_FUNCTION = YES;
				GCC_WARN_UNUSED_VARIABLE = YES;
				IPHONEOS_DEPLOYMENT_TARGET = 9.0;
				MTL_ENABLE_DEBUG_INFO = YES;
				ONLY_ACTIVE_ARCH = YES;
				SDKROOT = iphoneos;
				TARGETED_DEVICE_FAMILY = "1,2";
			};
			name = Debug;
		};
		83A070931BF54DA60041423D /* Release */ = {
			isa = XCBuildConfiguration;
			buildSettings = {
				ALWAYS_SEARCH_USER_PATHS = NO;
				CLANG_CXX_LANGUAGE_STANDARD = "gnu++0x";
				CLANG_CXX_LIBRARY = "libc++";
				CLANG_ENABLE_MODULES = YES;
				CLANG_ENABLE_OBJC_ARC = YES;
				CLANG_WARN_BOOL_CONVERSION = YES;
				CLANG_WARN_CONSTANT_CONVERSION = YES;
				CLANG_WARN_DIRECT_OBJC_ISA_USAGE = YES_ERROR;
				CLANG_WARN_EMPTY_BODY = YES;
				CLANG_WARN_ENUM_CONVERSION = YES;
				CLANG_WARN_INT_CONVERSION = YES;
				CLANG_WARN_OBJC_ROOT_CLASS = YES_ERROR;
				CLANG_WARN_UNREACHABLE_CODE = YES;
				CLANG_WARN__DUPLICATE_METHOD_MATCH = YES;
				"CODE_SIGN_IDENTITY[sdk=iphoneos*]" = "iPhone Developer";
				COPY_PHASE_STRIP = NO;
				DEBUG_INFORMATION_FORMAT = "dwarf-with-dsym";
				ENABLE_NS_ASSERTIONS = NO;
				ENABLE_STRICT_OBJC_MSGSEND = YES;
				GCC_C_LANGUAGE_STANDARD = gnu99;
				GCC_NO_COMMON_BLOCKS = YES;
				GCC_WARN_64_TO_32_BIT_CONVERSION = YES;
				GCC_WARN_ABOUT_RETURN_TYPE = YES_ERROR;
				GCC_WARN_UNDECLARED_SELECTOR = YES;
				GCC_WARN_UNINITIALIZED_AUTOS = YES_AGGRESSIVE;
				GCC_WARN_UNUSED_FUNCTION = YES;
				GCC_WARN_UNUSED_VARIABLE = YES;
				IPHONEOS_DEPLOYMENT_TARGET = 9.0;
				MTL_ENABLE_DEBUG_INFO = NO;
				SDKROOT = iphoneos;
				TARGETED_DEVICE_FAMILY = "1,2";
				VALIDATE_PRODUCT = YES;
			};
			name = Release;
		};
		83A070951BF54DA60041423D /* Debug */ = {
			isa = XCBuildConfiguration;
			buildSettings = {
				ASSETCATALOG_COMPILER_APPICON_NAME = AppIcon;
				INFOPLIST_FILE = Canvas/Info.plist;
				LD_RUNPATH_SEARCH_PATHS = "$(inherited) @executable_path/Frameworks";
				PRODUCT_BUNDLE_IDENTIFIER = com.groupon.robinwu.Canvas;
				PRODUCT_NAME = "$(TARGET_NAME)";
				TARGETED_DEVICE_FAMILY = 1;
			};
			name = Debug;
		};
		83A070961BF54DA60041423D /* Release */ = {
			isa = XCBuildConfiguration;
			buildSettings = {
				ASSETCATALOG_COMPILER_APPICON_NAME = AppIcon;
				INFOPLIST_FILE = Canvas/Info.plist;
				LD_RUNPATH_SEARCH_PATHS = "$(inherited) @executable_path/Frameworks";
				PRODUCT_BUNDLE_IDENTIFIER = com.groupon.robinwu.Canvas;
				PRODUCT_NAME = "$(TARGET_NAME)";
				TARGETED_DEVICE_FAMILY = 1;
			};
			name = Release;
		};
/* End XCBuildConfiguration section */

/* Begin XCConfigurationList section */
		83A070781BF54DA60041423D /* Build configuration list for PBXProject "Canvas" */ = {
			isa = XCConfigurationList;
			buildConfigurations = (
				83A070921BF54DA60041423D /* Debug */,
				83A070931BF54DA60041423D /* Release */,
			);
			defaultConfigurationIsVisible = 0;
			defaultConfigurationName = Release;
		};
		83A070941BF54DA60041423D /* Build configuration list for PBXNativeTarget "Canvas" */ = {
			isa = XCConfigurationList;
			buildConfigurations = (
				83A070951BF54DA60041423D /* Debug */,
				83A070961BF54DA60041423D /* Release */,
			);
			defaultConfigurationIsVisible = 0;
			defaultConfigurationName = Release;
		};
/* End XCConfigurationList section */
	};
	rootObject = 83A070751BF54DA60041423D /* Project object */;
}
